
Microsoft Visual Studio Solution File, Format Version 12.00
# Visual Studio 2012
Project("{8BC9CEB8-8B4A-11D0-8D11-00A0C91BC942}") = "19L-1110_CS-3G_Assignment_4", "19L-1110_CS-3G_Assignment_4\19L-1110_CS-3G_Assignment_4.vcxproj", "{270EE9AF-B81C-4E68-8BF7-2AC809632914}"
EndProject
Global
	GlobalSection(SolutionConfigurationPlatforms) = preSolution
		Debug|Win32 = Debug|Win32
		Release|Win32 = Release|Win32
	EndGlobalSection
	GlobalSection(ProjectConfigurationPlatforms) = postSolution
		{270EE9AF-B81C-4E68-8BF7-2AC809632914}.Debug|Win32.ActiveCfg = Debug|Win32
		{270EE9AF-B81C-4E68-8BF7-2AC809632914}.Debug|Win32.Build.0 = Debug|Win32
		{270EE9AF-B81C-4E68-8BF7-2AC809632914}.Release|Win32.ActiveCfg = Release|Win32
		{270EE9AF-B81C-4E68-8BF7-2AC809632914}.Release|Win32.Build.0 = Release|Win32
	EndGlobalSection
	GlobalSection(SolutionProperties) = preSolution
		HideSolutionNode = FALSE
	EndGlobalSection
EndGlobal
